
Microsoft Visual Studio Solution File, Format Version 12.00
# Visual Studio 15
VisualStudioVersion = 15.0.27428.2002
MinimumVisualStudioVersion = 10.0.40219.1
Project("{FAE04EC0-301F-11D3-BF4B-00C04F79EFBC}") = "EquityTradingPlatformApi", "EquityTradingPlatformApi\EquityTradingPlatformApi.csproj", "{FAD73CE4-7272-449D-9E04-2DE6F0F56C91}"
EndProject
Global
	GlobalSection(SolutionConfigurationPlatforms) = preSolution
		Debug|Any CPU = Debug|Any CPU
		Release|Any CPU = Release|Any CPU
	EndGlobalSection
	GlobalSection(ProjectConfigurationPlatforms) = postSolution
		{FAD73CE4-7272-449D-9E04-2DE6F0F56C91}.Debug|Any CPU.ActiveCfg = Debug|Any CPU
		{FAD73CE4-7272-449D-9E04-2DE6F0F56C91}.Debug|Any CPU.Build.0 = Debug|Any CPU
		{FAD73CE4-7272-449D-9E04-2DE6F0F56C91}.Release|Any CPU.ActiveCfg = Release|Any CPU
		{FAD73CE4-7272-449D-9E04-2DE6F0F56C91}.Release|Any CPU.Build.0 = Release|Any CPU
	EndGlobalSection
	GlobalSection(SolutionProperties) = preSolution
		HideSolutionNode = FALSE
	EndGlobalSection
	GlobalSection(ExtensibilityGlobals) = postSolution
		SolutionGuid = {8738A07E-CF4D-42B3-BD2B-F61B0FB5CD3C}
	EndGlobalSection
EndGlobal
