
Microsoft Visual Studio Solution File, Format Version 12.00
# Visual Studio 15
VisualStudioVersion = 15.0.27428.2002
MinimumVisualStudioVersion = 10.0.40219.1
Project("{FAE04EC0-301F-11D3-BF4B-00C04F79EFBC}") = "Metallica", "Metallica\Metallica.csproj", "{C422C616-6C20-4C7B-8F82-0F2E0B53C0C1}"
EndProject
Global
	GlobalSection(SolutionConfigurationPlatforms) = preSolution
		Debug|Any CPU = Debug|Any CPU
		Release|Any CPU = Release|Any CPU
	EndGlobalSection
	GlobalSection(ProjectConfigurationPlatforms) = postSolution
		{C422C616-6C20-4C7B-8F82-0F2E0B53C0C1}.Debug|Any CPU.ActiveCfg = Debug|Any CPU
		{C422C616-6C20-4C7B-8F82-0F2E0B53C0C1}.Debug|Any CPU.Build.0 = Debug|Any CPU
		{C422C616-6C20-4C7B-8F82-0F2E0B53C0C1}.Release|Any CPU.ActiveCfg = Release|Any CPU
		{C422C616-6C20-4C7B-8F82-0F2E0B53C0C1}.Release|Any CPU.Build.0 = Release|Any CPU
	EndGlobalSection
	GlobalSection(SolutionProperties) = preSolution
		HideSolutionNode = FALSE
	EndGlobalSection
	GlobalSection(ExtensibilityGlobals) = postSolution
		SolutionGuid = {14F09F1B-2C44-40B7-B9E3-FDAD52701C99}
	EndGlobalSection
EndGlobal
